
Microsoft Visual Studio Solution File, Format Version 12.00
# Visual Studio Version 16
VisualStudioVersion = 16.0.31321.278
MinimumVisualStudioVersion = 10.0.40219.1
Project("{9A19103F-16F7-4668-BE54-9A1E7A4F7556}") = "HubBlogAssignment.Shared", "HubBlogAssignment.Shared\HubBlogAssignment.Shared.csproj", "{DE471B47-585F-408A-897F-C4201DD14DE2}"
EndProject
Project("{9A19103F-16F7-4668-BE54-9A1E7A4F7556}") = "HubBlogAssignment.AZFunction", "HubBlogAssignment.AZFunction\HubBlogAssignment.AZFunction.csproj", "{F19F6ABC-0725-4ADB-B0E1-28BCF1C141E2}"
EndProject
Project("{9A19103F-16F7-4668-BE54-9A1E7A4F7556}") = "HubBlogAssignment.Data", "HubBlogAssignment.Data\HubBlogAssignment.Data.csproj", "{8D405AC7-F5E9-419C-825A-BCC0C6718661}"
EndProject
Project("{2150E333-8FDC-42A3-9474-1A3956D46DE8}") = "Solution Items", "Solution Items", "{65D0CC2A-A242-4117-9BF7-4B1A2A9B0107}"
	ProjectSection(SolutionItems) = preProject
		ReadMe.txt = ReadMe.txt
	EndProjectSection
EndProject
Project("{9A19103F-16F7-4668-BE54-9A1E7A4F7556}") = "HubBlogAssignment.Tests", "HubBlogAssignment.Tests\HubBlogAssignment.Tests.csproj", "{98639B76-2A28-469E-9EB9-16F6845EF4DF}"
EndProject
Project("{9A19103F-16F7-4668-BE54-9A1E7A4F7556}") = "HubBlogAssignment.UI", "HubBlogAssignment.UI\HubBlogAssignment.UI.csproj", "{34C1222F-66B7-4801-A13C-9D484347F6DC}"
EndProject
Global
	GlobalSection(SolutionConfigurationPlatforms) = preSolution
		Debug|Any CPU = Debug|Any CPU
		Release|Any CPU = Release|Any CPU
	EndGlobalSection
	GlobalSection(ProjectConfigurationPlatforms) = postSolution
		{DE471B47-585F-408A-897F-C4201DD14DE2}.Debug|Any CPU.ActiveCfg = Debug|Any CPU
		{DE471B47-585F-408A-897F-C4201DD14DE2}.Debug|Any CPU.Build.0 = Debug|Any CPU
		{DE471B47-585F-408A-897F-C4201DD14DE2}.Release|Any CPU.ActiveCfg = Release|Any CPU
		{DE471B47-585F-408A-897F-C4201DD14DE2}.Release|Any CPU.Build.0 = Release|Any CPU
		{F19F6ABC-0725-4ADB-B0E1-28BCF1C141E2}.Debug|Any CPU.ActiveCfg = Debug|Any CPU
		{F19F6ABC-0725-4ADB-B0E1-28BCF1C141E2}.Debug|Any CPU.Build.0 = Debug|Any CPU
		{F19F6ABC-0725-4ADB-B0E1-28BCF1C141E2}.Release|Any CPU.ActiveCfg = Release|Any CPU
		{F19F6ABC-0725-4ADB-B0E1-28BCF1C141E2}.Release|Any CPU.Build.0 = Release|Any CPU
		{8D405AC7-F5E9-419C-825A-BCC0C6718661}.Debug|Any CPU.ActiveCfg = Debug|Any CPU
		{8D405AC7-F5E9-419C-825A-BCC0C6718661}.Debug|Any CPU.Build.0 = Debug|Any CPU
		{8D405AC7-F5E9-419C-825A-BCC0C6718661}.Release|Any CPU.ActiveCfg = Release|Any CPU
		{8D405AC7-F5E9-419C-825A-BCC0C6718661}.Release|Any CPU.Build.0 = Release|Any CPU
		{98639B76-2A28-469E-9EB9-16F6845EF4DF}.Debug|Any CPU.ActiveCfg = Debug|Any CPU
		{98639B76-2A28-469E-9EB9-16F6845EF4DF}.Debug|Any CPU.Build.0 = Debug|Any CPU
		{98639B76-2A28-469E-9EB9-16F6845EF4DF}.Release|Any CPU.ActiveCfg = Release|Any CPU
		{98639B76-2A28-469E-9EB9-16F6845EF4DF}.Release|Any CPU.Build.0 = Release|Any CPU
		{34C1222F-66B7-4801-A13C-9D484347F6DC}.Debug|Any CPU.ActiveCfg = Debug|Any CPU
		{34C1222F-66B7-4801-A13C-9D484347F6DC}.Debug|Any CPU.Build.0 = Debug|Any CPU
		{34C1222F-66B7-4801-A13C-9D484347F6DC}.Release|Any CPU.ActiveCfg = Release|Any CPU
		{34C1222F-66B7-4801-A13C-9D484347F6DC}.Release|Any CPU.Build.0 = Release|Any CPU
	EndGlobalSection
	GlobalSection(SolutionProperties) = preSolution
		HideSolutionNode = FALSE
	EndGlobalSection
	GlobalSection(ExtensibilityGlobals) = postSolution
		SolutionGuid = {B9E8418B-7CDA-4DFB-9197-9BF127BBE53F}
	EndGlobalSection
EndGlobal
